
Microsoft Visual Studio Solution File, Format Version 12.00
# Visual Studio 14
VisualStudioVersion = 14.0.24720.0
MinimumVisualStudioVersion = 10.0.40219.1
Project("{FAE04EC0-301F-11D3-BF4B-00C04F79EFBC}") = "OOP-Fundamentals", "OOP-Fundamentals\OOP-Fundamentals.csproj", "{0FA6ECCF-93D1-4109-ABC3-26FAA045FBFF}"
EndProject
Project("{FAE04EC0-301F-11D3-BF4B-00C04F79EFBC}") = "WorkingWithDataTypes", "WorkingWithDataTypes\WorkingWithDataTypes.csproj", "{88641A28-B36C-4BDD-A720-00ABD6A438CE}"
EndProject
Project("{FAE04EC0-301F-11D3-BF4B-00C04F79EFBC}") = "CastingAndConvertingTypes", "CastingAndConvertingTypes\CastingAndConvertingTypes.csproj", "{68AD2E2E-F1C9-4452-A91E-AE3592261E48}"
EndProject
Project("{FAE04EC0-301F-11D3-BF4B-00C04F79EFBC}") = "ValueTypeAndReferenceType", "ValueTypeAndReferenceType\ValueTypeAndReferenceType.csproj", "{64B119F2-CE27-4C27-AE15-9C0DFB87296F}"
EndProject
Project("{FAE04EC0-301F-11D3-BF4B-00C04F79EFBC}") = "HandlingExceptions", "HandlingExceptions\HandlingExceptions.csproj", "{5F95DD17-9EB3-4D79-9C20-F6CE3BBFFC5D}"
EndProject
Project("{FAE04EC0-301F-11D3-BF4B-00C04F79EFBC}") = "DebugAndRelease", "DebugAndRelease\DebugAndRelease.csproj", "{463943AA-26F5-4CEE-99EF-958DF7CA3232}"
EndProject
Project("{FAE04EC0-301F-11D3-BF4B-00C04F79EFBC}") = "UsingStopWatch", "UsingStopWatch\UsingStopWatch.csproj", "{27C4DF23-CFF2-464A-8374-B30DAE8FDD9C}"
EndProject
Project("{FAE04EC0-301F-11D3-BF4B-00C04F79EFBC}") = "UsingStringBuilder", "UsingStringBuilder\UsingStringBuilder.csproj", "{86A940A0-50D7-41D6-9738-024998665537}"
EndProject
Project("{FAE04EC0-301F-11D3-BF4B-00C04F79EFBC}") = "ListAndDictionary", "ListAndDictionary\ListAndDictionary.csproj", "{F9EDF1EA-EA14-4E87-837C-AB6703776021}"
EndProject
Project("{FAE04EC0-301F-11D3-BF4B-00C04F79EFBC}") = "UsingOutAndRef", "UsingOutAndRef\UsingOutAndRef.csproj", "{AA696625-869F-4AEB-A45A-4FB5147CE333}"
EndProject
Project("{FAE04EC0-301F-11D3-BF4B-00C04F79EFBC}") = "UsingThreads", "UsingThreads\UsingThreads.csproj", "{0AD53CA3-AD65-4A95-B712-FC8B3315ACA3}"
EndProject
Project("{FAE04EC0-301F-11D3-BF4B-00C04F79EFBC}") = "UsingThreads-ThreadStatic", "UsingThreads-ThreadStatic\UsingThreads-ThreadStatic.csproj", "{D51DF6AC-CF9F-4C8F-9CDE-5C2827F2031A}"
EndProject
Project("{FAE04EC0-301F-11D3-BF4B-00C04F79EFBC}") = "UsingTasks", "UsingTasks\UsingTasks.csproj", "{E8BDFEAA-11AF-4819-8714-A1AE219C52DB}"
EndProject
Project("{FAE04EC0-301F-11D3-BF4B-00C04F79EFBC}") = "UsingTask-Parent", "UsingTask-Parent\UsingTask-Parent.csproj", "{DE199A32-CD14-49A6-A76D-0784B6A3F96F}"
EndProject
Project("{FAE04EC0-301F-11D3-BF4B-00C04F79EFBC}") = "UsingParallel", "UsingParallel\UsingParallel.csproj", "{F7D9E58E-E149-4B95-9CC4-E2386B407496}"
EndProject
Project("{FAE04EC0-301F-11D3-BF4B-00C04F79EFBC}") = "UsingAsyncAwait", "UsingAsyncAwait\UsingAsyncAwait.csproj", "{B1DC2E9A-0494-4EA7-8F16-EF8031C1BD2E}"
EndProject
Project("{FAE04EC0-301F-11D3-BF4B-00C04F79EFBC}") = "UsingPLINQ", "UsingPLINQ\UsingPLINQ.csproj", "{22C3415B-33D1-4A2C-A735-672D5D120870}"
EndProject
Project("{FAE04EC0-301F-11D3-BF4B-00C04F79EFBC}") = "UsingConcurrentLists", "UsingConcurrentLists\UsingConcurrentLists.csproj", "{7BCDD084-BCD0-49FD-B348-E7A7A37EAEAF}"
EndProject
Project("{FAE04EC0-301F-11D3-BF4B-00C04F79EFBC}") = "DebugAndTrace", "DebugAndTrace\DebugAndTrace.csproj", "{915F8453-0880-46CB-88F0-577FE8830664}"
EndProject
Project("{FAE04EC0-301F-11D3-BF4B-00C04F79EFBC}") = "ActionsAndFunctions", "ActionsAndFunctions\ActionsAndFunctions.csproj", "{ECFBE3C8-EAAC-4A2D-89B1-C0DD277E3456}"
EndProject
Project("{FAE04EC0-301F-11D3-BF4B-00C04F79EFBC}") = "EventsAndDelegates", "EventsAndDelegates\EventsAndDelegates.csproj", "{8AD1C632-AB86-482D-9488-8E5B32D96CE7}"
EndProject
Project("{FAE04EC0-301F-11D3-BF4B-00C04F79EFBC}") = "EventsAndEventHandlers", "EventsAndEventHandlers\EventsAndEventHandlers.csproj", "{FC5E14DD-EAC8-4E42-9F1D-F5C794ADA705}"
EndProject
Project("{FAE04EC0-301F-11D3-BF4B-00C04F79EFBC}") = "UsingAppConfig", "UsingAppConfig\UsingAppConfig.csproj", "{C0774063-5C79-4631-A500-37F3D897ED30}"
EndProject
Project("{FAE04EC0-301F-11D3-BF4B-00C04F79EFBC}") = "Wcf-Service", "Wcf-Service\Wcf-Service.csproj", "{070D1C57-EE86-4562-9541-6FAB49D83E46}"
EndProject
Project("{FAE04EC0-301F-11D3-BF4B-00C04F79EFBC}") = "WCF-Client", "WCF-Client\WCF-Client.csproj", "{7985FB3C-AF3D-4920-9BC9-78B7EFE41617}"
	ProjectSection(ProjectDependencies) = postProject
		{070D1C57-EE86-4562-9541-6FAB49D83E46} = {070D1C57-EE86-4562-9541-6FAB49D83E46}
	EndProjectSection
EndProject
Project("{FAE04EC0-301F-11D3-BF4B-00C04F79EFBC}") = "ConsumingXML", "ConsumingXML\ConsumingXML.csproj", "{6E24C3B8-56F9-4ABA-974F-4D447B58D2E0}"
EndProject
Project("{2150E333-8FDC-42A3-9474-1A3956D46DE8}") = "WCF WebServices", "WCF WebServices", "{5E4706E2-311C-481C-80E2-9CABA7DE5B3C}"
EndProject
Project("{FAE04EC0-301F-11D3-BF4B-00C04F79EFBC}") = "XmlSerialization", "XmlSerialization\XmlSerialization.csproj", "{5A475DFC-F0AE-4A8A-B60C-35FFD22D7F2D}"
EndProject
Project("{FAE04EC0-301F-11D3-BF4B-00C04F79EFBC}") = "ReadingAndWritingFiles", "ReadingAndWritingFiles\ReadingAndWritingFiles.csproj", "{A88E2C36-2545-49AA-BFC7-AF0B3AB4122F}"
EndProject
Project("{FAE04EC0-301F-11D3-BF4B-00C04F79EFBC}") = "LINQ-Expressions", "LINQ-Expressions\LINQ-Expressions.csproj", "{F62A6A92-8FDB-4EAF-9E71-820C1DA72DA1}"
EndProject
Project("{FAE04EC0-301F-11D3-BF4B-00C04F79EFBC}") = "CryptingData", "CryptingData\CryptingData.csproj", "{4145E035-92A8-435E-962A-4CA6FC71D261}"
EndProject
Project("{FAE04EC0-301F-11D3-BF4B-00C04F79EFBC}") = "RegexExpressions", "RegexExpressions\RegexExpressions.csproj", "{301CF43D-31CA-462B-8684-B619DD4CB815}"
EndProject
Project("{FAE04EC0-301F-11D3-BF4B-00C04F79EFBC}") = "UsingGarbageCollector", "UsingGarbageCollector\UsingGarbageCollector.csproj", "{52F32447-EB6F-4A49-AC17-6AD352E615A4}"
EndProject
Project("{FAE04EC0-301F-11D3-BF4B-00C04F79EFBC}") = "UsingReflection", "UsingReflection\UsingReflection.csproj", "{C0D589CD-3BE4-49B8-BDB7-8F5F97573CF6}"
EndProject
Project("{FAE04EC0-301F-11D3-BF4B-00C04F79EFBC}") = "ClassLibraryProject", "ClassLibraryProject\ClassLibraryProject.csproj", "{C8BA54DB-966B-4629-A47F-9B6EEFF5A7CB}"
EndProject
Global
	GlobalSection(SolutionConfigurationPlatforms) = preSolution
		Debug|Any CPU = Debug|Any CPU
		Release|Any CPU = Release|Any CPU
		Test|Any CPU = Test|Any CPU
	EndGlobalSection
	GlobalSection(ProjectConfigurationPlatforms) = postSolution
		{0FA6ECCF-93D1-4109-ABC3-26FAA045FBFF}.Debug|Any CPU.ActiveCfg = Debug|Any CPU
		{0FA6ECCF-93D1-4109-ABC3-26FAA045FBFF}.Debug|Any CPU.Build.0 = Debug|Any CPU
		{0FA6ECCF-93D1-4109-ABC3-26FAA045FBFF}.Release|Any CPU.ActiveCfg = Release|Any CPU
		{0FA6ECCF-93D1-4109-ABC3-26FAA045FBFF}.Release|Any CPU.Build.0 = Release|Any CPU
		{0FA6ECCF-93D1-4109-ABC3-26FAA045FBFF}.Test|Any CPU.ActiveCfg = Test|Any CPU
		{0FA6ECCF-93D1-4109-ABC3-26FAA045FBFF}.Test|Any CPU.Build.0 = Test|Any CPU
		{88641A28-B36C-4BDD-A720-00ABD6A438CE}.Debug|Any CPU.ActiveCfg = Debug|Any CPU
		{88641A28-B36C-4BDD-A720-00ABD6A438CE}.Debug|Any CPU.Build.0 = Debug|Any CPU
		{88641A28-B36C-4BDD-A720-00ABD6A438CE}.Release|Any CPU.ActiveCfg = Release|Any CPU
		{88641A28-B36C-4BDD-A720-00ABD6A438CE}.Release|Any CPU.Build.0 = Release|Any CPU
		{88641A28-B36C-4BDD-A720-00ABD6A438CE}.Test|Any CPU.ActiveCfg = Test|Any CPU
		{88641A28-B36C-4BDD-A720-00ABD6A438CE}.Test|Any CPU.Build.0 = Test|Any CPU
		{68AD2E2E-F1C9-4452-A91E-AE3592261E48}.Debug|Any CPU.ActiveCfg = Debug|Any CPU
		{68AD2E2E-F1C9-4452-A91E-AE3592261E48}.Debug|Any CPU.Build.0 = Debug|Any CPU
		{68AD2E2E-F1C9-4452-A91E-AE3592261E48}.Release|Any CPU.ActiveCfg = Release|Any CPU
		{68AD2E2E-F1C9-4452-A91E-AE3592261E48}.Release|Any CPU.Build.0 = Release|Any CPU
		{68AD2E2E-F1C9-4452-A91E-AE3592261E48}.Test|Any CPU.ActiveCfg = Test|Any CPU
		{68AD2E2E-F1C9-4452-A91E-AE3592261E48}.Test|Any CPU.Build.0 = Test|Any CPU
		{64B119F2-CE27-4C27-AE15-9C0DFB87296F}.Debug|Any CPU.ActiveCfg = Debug|Any CPU
		{64B119F2-CE27-4C27-AE15-9C0DFB87296F}.Debug|Any CPU.Build.0 = Debug|Any CPU
		{64B119F2-CE27-4C27-AE15-9C0DFB87296F}.Release|Any CPU.ActiveCfg = Release|Any CPU
		{64B119F2-CE27-4C27-AE15-9C0DFB87296F}.Release|Any CPU.Build.0 = Release|Any CPU
		{64B119F2-CE27-4C27-AE15-9C0DFB87296F}.Test|Any CPU.ActiveCfg = Test|Any CPU
		{64B119F2-CE27-4C27-AE15-9C0DFB87296F}.Test|Any CPU.Build.0 = Test|Any CPU
		{5F95DD17-9EB3-4D79-9C20-F6CE3BBFFC5D}.Debug|Any CPU.ActiveCfg = Debug|Any CPU
		{5F95DD17-9EB3-4D79-9C20-F6CE3BBFFC5D}.Debug|Any CPU.Build.0 = Debug|Any CPU
		{5F95DD17-9EB3-4D79-9C20-F6CE3BBFFC5D}.Release|Any CPU.ActiveCfg = Release|Any CPU
		{5F95DD17-9EB3-4D79-9C20-F6CE3BBFFC5D}.Release|Any CPU.Build.0 = Release|Any CPU
		{5F95DD17-9EB3-4D79-9C20-F6CE3BBFFC5D}.Test|Any CPU.ActiveCfg = Test|Any CPU
		{5F95DD17-9EB3-4D79-9C20-F6CE3BBFFC5D}.Test|Any CPU.Build.0 = Test|Any CPU
		{463943AA-26F5-4CEE-99EF-958DF7CA3232}.Debug|Any CPU.ActiveCfg = Debug|Any CPU
		{463943AA-26F5-4CEE-99EF-958DF7CA3232}.Debug|Any CPU.Build.0 = Debug|Any CPU
		{463943AA-26F5-4CEE-99EF-958DF7CA3232}.Release|Any CPU.ActiveCfg = Release|Any CPU
		{463943AA-26F5-4CEE-99EF-958DF7CA3232}.Release|Any CPU.Build.0 = Release|Any CPU
		{463943AA-26F5-4CEE-99EF-958DF7CA3232}.Test|Any CPU.ActiveCfg = Test|Any CPU
		{463943AA-26F5-4CEE-99EF-958DF7CA3232}.Test|Any CPU.Build.0 = Test|Any CPU
		{27C4DF23-CFF2-464A-8374-B30DAE8FDD9C}.Debug|Any CPU.ActiveCfg = Debug|Any CPU
		{27C4DF23-CFF2-464A-8374-B30DAE8FDD9C}.Debug|Any CPU.Build.0 = Debug|Any CPU
		{27C4DF23-CFF2-464A-8374-B30DAE8FDD9C}.Release|Any CPU.ActiveCfg = Release|Any CPU
		{27C4DF23-CFF2-464A-8374-B30DAE8FDD9C}.Release|Any CPU.Build.0 = Release|Any CPU
		{27C4DF23-CFF2-464A-8374-B30DAE8FDD9C}.Test|Any CPU.ActiveCfg = Release|Any CPU
		{27C4DF23-CFF2-464A-8374-B30DAE8FDD9C}.Test|Any CPU.Build.0 = Release|Any CPU
		{86A940A0-50D7-41D6-9738-024998665537}.Debug|Any CPU.ActiveCfg = Debug|Any CPU
		{86A940A0-50D7-41D6-9738-024998665537}.Debug|Any CPU.Build.0 = Debug|Any CPU
		{86A940A0-50D7-41D6-9738-024998665537}.Release|Any CPU.ActiveCfg = Release|Any CPU
		{86A940A0-50D7-41D6-9738-024998665537}.Release|Any CPU.Build.0 = Release|Any CPU
		{86A940A0-50D7-41D6-9738-024998665537}.Test|Any CPU.ActiveCfg = Release|Any CPU
		{86A940A0-50D7-41D6-9738-024998665537}.Test|Any CPU.Build.0 = Release|Any CPU
		{F9EDF1EA-EA14-4E87-837C-AB6703776021}.Debug|Any CPU.ActiveCfg = Debug|Any CPU
		{F9EDF1EA-EA14-4E87-837C-AB6703776021}.Debug|Any CPU.Build.0 = Debug|Any CPU
		{F9EDF1EA-EA14-4E87-837C-AB6703776021}.Release|Any CPU.ActiveCfg = Release|Any CPU
		{F9EDF1EA-EA14-4E87-837C-AB6703776021}.Release|Any CPU.Build.0 = Release|Any CPU
		{F9EDF1EA-EA14-4E87-837C-AB6703776021}.Test|Any CPU.ActiveCfg = Release|Any CPU
		{F9EDF1EA-EA14-4E87-837C-AB6703776021}.Test|Any CPU.Build.0 = Release|Any CPU
		{AA696625-869F-4AEB-A45A-4FB5147CE333}.Debug|Any CPU.ActiveCfg = Debug|Any CPU
		{AA696625-869F-4AEB-A45A-4FB5147CE333}.Debug|Any CPU.Build.0 = Debug|Any CPU
		{AA696625-869F-4AEB-A45A-4FB5147CE333}.Release|Any CPU.ActiveCfg = Release|Any CPU
		{AA696625-869F-4AEB-A45A-4FB5147CE333}.Release|Any CPU.Build.0 = Release|Any CPU
		{AA696625-869F-4AEB-A45A-4FB5147CE333}.Test|Any CPU.ActiveCfg = Release|Any CPU
		{AA696625-869F-4AEB-A45A-4FB5147CE333}.Test|Any CPU.Build.0 = Release|Any CPU
		{0AD53CA3-AD65-4A95-B712-FC8B3315ACA3}.Debug|Any CPU.ActiveCfg = Debug|Any CPU
		{0AD53CA3-AD65-4A95-B712-FC8B3315ACA3}.Debug|Any CPU.Build.0 = Debug|Any CPU
		{0AD53CA3-AD65-4A95-B712-FC8B3315ACA3}.Release|Any CPU.ActiveCfg = Release|Any CPU
		{0AD53CA3-AD65-4A95-B712-FC8B3315ACA3}.Release|Any CPU.Build.0 = Release|Any CPU
		{0AD53CA3-AD65-4A95-B712-FC8B3315ACA3}.Test|Any CPU.ActiveCfg = Release|Any CPU
		{0AD53CA3-AD65-4A95-B712-FC8B3315ACA3}.Test|Any CPU.Build.0 = Release|Any CPU
		{D51DF6AC-CF9F-4C8F-9CDE-5C2827F2031A}.Debug|Any CPU.ActiveCfg = Debug|Any CPU
		{D51DF6AC-CF9F-4C8F-9CDE-5C2827F2031A}.Debug|Any CPU.Build.0 = Debug|Any CPU
		{D51DF6AC-CF9F-4C8F-9CDE-5C2827F2031A}.Release|Any CPU.ActiveCfg = Release|Any CPU
		{D51DF6AC-CF9F-4C8F-9CDE-5C2827F2031A}.Release|Any CPU.Build.0 = Release|Any CPU
		{D51DF6AC-CF9F-4C8F-9CDE-5C2827F2031A}.Test|Any CPU.ActiveCfg = Release|Any CPU
		{D51DF6AC-CF9F-4C8F-9CDE-5C2827F2031A}.Test|Any CPU.Build.0 = Release|Any CPU
		{E8BDFEAA-11AF-4819-8714-A1AE219C52DB}.Debug|Any CPU.ActiveCfg = Debug|Any CPU
		{E8BDFEAA-11AF-4819-8714-A1AE219C52DB}.Debug|Any CPU.Build.0 = Debug|Any CPU
		{E8BDFEAA-11AF-4819-8714-A1AE219C52DB}.Release|Any CPU.ActiveCfg = Release|Any CPU
		{E8BDFEAA-11AF-4819-8714-A1AE219C52DB}.Release|Any CPU.Build.0 = Release|Any CPU
		{E8BDFEAA-11AF-4819-8714-A1AE219C52DB}.Test|Any CPU.ActiveCfg = Release|Any CPU
		{E8BDFEAA-11AF-4819-8714-A1AE219C52DB}.Test|Any CPU.Build.0 = Release|Any CPU
		{DE199A32-CD14-49A6-A76D-0784B6A3F96F}.Debug|Any CPU.ActiveCfg = Debug|Any CPU
		{DE199A32-CD14-49A6-A76D-0784B6A3F96F}.Debug|Any CPU.Build.0 = Debug|Any CPU
		{DE199A32-CD14-49A6-A76D-0784B6A3F96F}.Release|Any CPU.ActiveCfg = Release|Any CPU
		{DE199A32-CD14-49A6-A76D-0784B6A3F96F}.Release|Any CPU.Build.0 = Release|Any CPU
		{DE199A32-CD14-49A6-A76D-0784B6A3F96F}.Test|Any CPU.ActiveCfg = Release|Any CPU
		{DE199A32-CD14-49A6-A76D-0784B6A3F96F}.Test|Any CPU.Build.0 = Release|Any CPU
		{F7D9E58E-E149-4B95-9CC4-E2386B407496}.Debug|Any CPU.ActiveCfg = Debug|Any CPU
		{F7D9E58E-E149-4B95-9CC4-E2386B407496}.Debug|Any CPU.Build.0 = Debug|Any CPU
		{F7D9E58E-E149-4B95-9CC4-E2386B407496}.Release|Any CPU.ActiveCfg = Release|Any CPU
		{F7D9E58E-E149-4B95-9CC4-E2386B407496}.Release|Any CPU.Build.0 = Release|Any CPU
		{F7D9E58E-E149-4B95-9CC4-E2386B407496}.Test|Any CPU.ActiveCfg = Release|Any CPU
		{F7D9E58E-E149-4B95-9CC4-E2386B407496}.Test|Any CPU.Build.0 = Release|Any CPU
		{B1DC2E9A-0494-4EA7-8F16-EF8031C1BD2E}.Debug|Any CPU.ActiveCfg = Debug|Any CPU
		{B1DC2E9A-0494-4EA7-8F16-EF8031C1BD2E}.Debug|Any CPU.Build.0 = Debug|Any CPU
		{B1DC2E9A-0494-4EA7-8F16-EF8031C1BD2E}.Release|Any CPU.ActiveCfg = Release|Any CPU
		{B1DC2E9A-0494-4EA7-8F16-EF8031C1BD2E}.Release|Any CPU.Build.0 = Release|Any CPU
		{B1DC2E9A-0494-4EA7-8F16-EF8031C1BD2E}.Test|Any CPU.ActiveCfg = Release|Any CPU
		{B1DC2E9A-0494-4EA7-8F16-EF8031C1BD2E}.Test|Any CPU.Build.0 = Release|Any CPU
		{22C3415B-33D1-4A2C-A735-672D5D120870}.Debug|Any CPU.ActiveCfg = Debug|Any CPU
		{22C3415B-33D1-4A2C-A735-672D5D120870}.Debug|Any CPU.Build.0 = Debug|Any CPU
		{22C3415B-33D1-4A2C-A735-672D5D120870}.Release|Any CPU.ActiveCfg = Release|Any CPU
		{22C3415B-33D1-4A2C-A735-672D5D120870}.Release|Any CPU.Build.0 = Release|Any CPU
		{22C3415B-33D1-4A2C-A735-672D5D120870}.Test|Any CPU.ActiveCfg = Release|Any CPU
		{22C3415B-33D1-4A2C-A735-672D5D120870}.Test|Any CPU.Build.0 = Release|Any CPU
		{7BCDD084-BCD0-49FD-B348-E7A7A37EAEAF}.Debug|Any CPU.ActiveCfg = Debug|Any CPU
		{7BCDD084-BCD0-49FD-B348-E7A7A37EAEAF}.Debug|Any CPU.Build.0 = Debug|Any CPU
		{7BCDD084-BCD0-49FD-B348-E7A7A37EAEAF}.Release|Any CPU.ActiveCfg = Release|Any CPU
		{7BCDD084-BCD0-49FD-B348-E7A7A37EAEAF}.Release|Any CPU.Build.0 = Release|Any CPU
		{7BCDD084-BCD0-49FD-B348-E7A7A37EAEAF}.Test|Any CPU.ActiveCfg = Release|Any CPU
		{7BCDD084-BCD0-49FD-B348-E7A7A37EAEAF}.Test|Any CPU.Build.0 = Release|Any CPU
		{915F8453-0880-46CB-88F0-577FE8830664}.Debug|Any CPU.ActiveCfg = Debug|Any CPU
		{915F8453-0880-46CB-88F0-577FE8830664}.Debug|Any CPU.Build.0 = Debug|Any CPU
		{915F8453-0880-46CB-88F0-577FE8830664}.Release|Any CPU.ActiveCfg = Release|Any CPU
		{915F8453-0880-46CB-88F0-577FE8830664}.Release|Any CPU.Build.0 = Release|Any CPU
		{915F8453-0880-46CB-88F0-577FE8830664}.Test|Any CPU.ActiveCfg = Release|Any CPU
		{915F8453-0880-46CB-88F0-577FE8830664}.Test|Any CPU.Build.0 = Release|Any CPU
		{ECFBE3C8-EAAC-4A2D-89B1-C0DD277E3456}.Debug|Any CPU.ActiveCfg = Debug|Any CPU
		{ECFBE3C8-EAAC-4A2D-89B1-C0DD277E3456}.Debug|Any CPU.Build.0 = Debug|Any CPU
		{ECFBE3C8-EAAC-4A2D-89B1-C0DD277E3456}.Release|Any CPU.ActiveCfg = Release|Any CPU
		{ECFBE3C8-EAAC-4A2D-89B1-C0DD277E3456}.Release|Any CPU.Build.0 = Release|Any CPU
		{ECFBE3C8-EAAC-4A2D-89B1-C0DD277E3456}.Test|Any CPU.ActiveCfg = Release|Any CPU
		{ECFBE3C8-EAAC-4A2D-89B1-C0DD277E3456}.Test|Any CPU.Build.0 = Release|Any CPU
		{8AD1C632-AB86-482D-9488-8E5B32D96CE7}.Debug|Any CPU.ActiveCfg = Debug|Any CPU
		{8AD1C632-AB86-482D-9488-8E5B32D96CE7}.Debug|Any CPU.Build.0 = Debug|Any CPU
		{8AD1C632-AB86-482D-9488-8E5B32D96CE7}.Release|Any CPU.ActiveCfg = Release|Any CPU
		{8AD1C632-AB86-482D-9488-8E5B32D96CE7}.Release|Any CPU.Build.0 = Release|Any CPU
		{8AD1C632-AB86-482D-9488-8E5B32D96CE7}.Test|Any CPU.ActiveCfg = Release|Any CPU
		{8AD1C632-AB86-482D-9488-8E5B32D96CE7}.Test|Any CPU.Build.0 = Release|Any CPU
		{FC5E14DD-EAC8-4E42-9F1D-F5C794ADA705}.Debug|Any CPU.ActiveCfg = Debug|Any CPU
		{FC5E14DD-EAC8-4E42-9F1D-F5C794ADA705}.Debug|Any CPU.Build.0 = Debug|Any CPU
		{FC5E14DD-EAC8-4E42-9F1D-F5C794ADA705}.Release|Any CPU.ActiveCfg = Release|Any CPU
		{FC5E14DD-EAC8-4E42-9F1D-F5C794ADA705}.Release|Any CPU.Build.0 = Release|Any CPU
		{FC5E14DD-EAC8-4E42-9F1D-F5C794ADA705}.Test|Any CPU.ActiveCfg = Release|Any CPU
		{FC5E14DD-EAC8-4E42-9F1D-F5C794ADA705}.Test|Any CPU.Build.0 = Release|Any CPU
		{C0774063-5C79-4631-A500-37F3D897ED30}.Debug|Any CPU.ActiveCfg = Debug|Any CPU
		{C0774063-5C79-4631-A500-37F3D897ED30}.Debug|Any CPU.Build.0 = Debug|Any CPU
		{C0774063-5C79-4631-A500-37F3D897ED30}.Release|Any CPU.ActiveCfg = Release|Any CPU
		{C0774063-5C79-4631-A500-37F3D897ED30}.Release|Any CPU.Build.0 = Release|Any CPU
		{C0774063-5C79-4631-A500-37F3D897ED30}.Test|Any CPU.ActiveCfg = Release|Any CPU
		{C0774063-5C79-4631-A500-37F3D897ED30}.Test|Any CPU.Build.0 = Release|Any CPU
		{070D1C57-EE86-4562-9541-6FAB49D83E46}.Debug|Any CPU.ActiveCfg = Debug|Any CPU
		{070D1C57-EE86-4562-9541-6FAB49D83E46}.Debug|Any CPU.Build.0 = Debug|Any CPU
		{070D1C57-EE86-4562-9541-6FAB49D83E46}.Release|Any CPU.ActiveCfg = Release|Any CPU
		{070D1C57-EE86-4562-9541-6FAB49D83E46}.Release|Any CPU.Build.0 = Release|Any CPU
		{070D1C57-EE86-4562-9541-6FAB49D83E46}.Test|Any CPU.ActiveCfg = Release|Any CPU
		{070D1C57-EE86-4562-9541-6FAB49D83E46}.Test|Any CPU.Build.0 = Release|Any CPU
		{7985FB3C-AF3D-4920-9BC9-78B7EFE41617}.Debug|Any CPU.ActiveCfg = Debug|Any CPU
		{7985FB3C-AF3D-4920-9BC9-78B7EFE41617}.Debug|Any CPU.Build.0 = Debug|Any CPU
		{7985FB3C-AF3D-4920-9BC9-78B7EFE41617}.Release|Any CPU.ActiveCfg = Release|Any CPU
		{7985FB3C-AF3D-4920-9BC9-78B7EFE41617}.Release|Any CPU.Build.0 = Release|Any CPU
		{7985FB3C-AF3D-4920-9BC9-78B7EFE41617}.Test|Any CPU.ActiveCfg = Release|Any CPU
		{7985FB3C-AF3D-4920-9BC9-78B7EFE41617}.Test|Any CPU.Build.0 = Release|Any CPU
		{6E24C3B8-56F9-4ABA-974F-4D447B58D2E0}.Debug|Any CPU.ActiveCfg = Debug|Any CPU
		{6E24C3B8-56F9-4ABA-974F-4D447B58D2E0}.Debug|Any CPU.Build.0 = Debug|Any CPU
		{6E24C3B8-56F9-4ABA-974F-4D447B58D2E0}.Release|Any CPU.ActiveCfg = Release|Any CPU
		{6E24C3B8-56F9-4ABA-974F-4D447B58D2E0}.Release|Any CPU.Build.0 = Release|Any CPU
		{6E24C3B8-56F9-4ABA-974F-4D447B58D2E0}.Test|Any CPU.ActiveCfg = Release|Any CPU
		{6E24C3B8-56F9-4ABA-974F-4D447B58D2E0}.Test|Any CPU.Build.0 = Release|Any CPU
		{5A475DFC-F0AE-4A8A-B60C-35FFD22D7F2D}.Debug|Any CPU.ActiveCfg = Debug|Any CPU
		{5A475DFC-F0AE-4A8A-B60C-35FFD22D7F2D}.Debug|Any CPU.Build.0 = Debug|Any CPU
		{5A475DFC-F0AE-4A8A-B60C-35FFD22D7F2D}.Release|Any CPU.ActiveCfg = Release|Any CPU
		{5A475DFC-F0AE-4A8A-B60C-35FFD22D7F2D}.Release|Any CPU.Build.0 = Release|Any CPU
		{5A475DFC-F0AE-4A8A-B60C-35FFD22D7F2D}.Test|Any CPU.ActiveCfg = Release|Any CPU
		{5A475DFC-F0AE-4A8A-B60C-35FFD22D7F2D}.Test|Any CPU.Build.0 = Release|Any CPU
		{A88E2C36-2545-49AA-BFC7-AF0B3AB4122F}.Debug|Any CPU.ActiveCfg = Debug|Any CPU
		{A88E2C36-2545-49AA-BFC7-AF0B3AB4122F}.Debug|Any CPU.Build.0 = Debug|Any CPU
		{A88E2C36-2545-49AA-BFC7-AF0B3AB4122F}.Release|Any CPU.ActiveCfg = Release|Any CPU
		{A88E2C36-2545-49AA-BFC7-AF0B3AB4122F}.Release|Any CPU.Build.0 = Release|Any CPU
		{A88E2C36-2545-49AA-BFC7-AF0B3AB4122F}.Test|Any CPU.ActiveCfg = Release|Any CPU
		{A88E2C36-2545-49AA-BFC7-AF0B3AB4122F}.Test|Any CPU.Build.0 = Release|Any CPU
		{F62A6A92-8FDB-4EAF-9E71-820C1DA72DA1}.Debug|Any CPU.ActiveCfg = Debug|Any CPU
		{F62A6A92-8FDB-4EAF-9E71-820C1DA72DA1}.Debug|Any CPU.Build.0 = Debug|Any CPU
		{F62A6A92-8FDB-4EAF-9E71-820C1DA72DA1}.Release|Any CPU.ActiveCfg = Release|Any CPU
		{F62A6A92-8FDB-4EAF-9E71-820C1DA72DA1}.Release|Any CPU.Build.0 = Release|Any CPU
		{F62A6A92-8FDB-4EAF-9E71-820C1DA72DA1}.Test|Any CPU.ActiveCfg = Release|Any CPU
		{F62A6A92-8FDB-4EAF-9E71-820C1DA72DA1}.Test|Any CPU.Build.0 = Release|Any CPU
		{4145E035-92A8-435E-962A-4CA6FC71D261}.Debug|Any CPU.ActiveCfg = Debug|Any CPU
		{4145E035-92A8-435E-962A-4CA6FC71D261}.Debug|Any CPU.Build.0 = Debug|Any CPU
		{4145E035-92A8-435E-962A-4CA6FC71D261}.Release|Any CPU.ActiveCfg = Release|Any CPU
		{4145E035-92A8-435E-962A-4CA6FC71D261}.Release|Any CPU.Build.0 = Release|Any CPU
		{4145E035-92A8-435E-962A-4CA6FC71D261}.Test|Any CPU.ActiveCfg = Release|Any CPU
		{4145E035-92A8-435E-962A-4CA6FC71D261}.Test|Any CPU.Build.0 = Release|Any CPU
		{301CF43D-31CA-462B-8684-B619DD4CB815}.Debug|Any CPU.ActiveCfg = Debug|Any CPU
		{301CF43D-31CA-462B-8684-B619DD4CB815}.Debug|Any CPU.Build.0 = Debug|Any CPU
		{301CF43D-31CA-462B-8684-B619DD4CB815}.Release|Any CPU.ActiveCfg = Release|Any CPU
		{301CF43D-31CA-462B-8684-B619DD4CB815}.Release|Any CPU.Build.0 = Release|Any CPU
		{301CF43D-31CA-462B-8684-B619DD4CB815}.Test|Any CPU.ActiveCfg = Release|Any CPU
		{301CF43D-31CA-462B-8684-B619DD4CB815}.Test|Any CPU.Build.0 = Release|Any CPU
		{52F32447-EB6F-4A49-AC17-6AD352E615A4}.Debug|Any CPU.ActiveCfg = Debug|Any CPU
		{52F32447-EB6F-4A49-AC17-6AD352E615A4}.Debug|Any CPU.Build.0 = Debug|Any CPU
		{52F32447-EB6F-4A49-AC17-6AD352E615A4}.Release|Any CPU.ActiveCfg = Release|Any CPU
		{52F32447-EB6F-4A49-AC17-6AD352E615A4}.Release|Any CPU.Build.0 = Release|Any CPU
		{52F32447-EB6F-4A49-AC17-6AD352E615A4}.Test|Any CPU.ActiveCfg = Release|Any CPU
		{52F32447-EB6F-4A49-AC17-6AD352E615A4}.Test|Any CPU.Build.0 = Release|Any CPU
		{C0D589CD-3BE4-49B8-BDB7-8F5F97573CF6}.Debug|Any CPU.ActiveCfg = Debug|Any CPU
		{C0D589CD-3BE4-49B8-BDB7-8F5F97573CF6}.Debug|Any CPU.Build.0 = Debug|Any CPU
		{C0D589CD-3BE4-49B8-BDB7-8F5F97573CF6}.Release|Any CPU.ActiveCfg = Release|Any CPU
		{C0D589CD-3BE4-49B8-BDB7-8F5F97573CF6}.Release|Any CPU.Build.0 = Release|Any CPU
		{C0D589CD-3BE4-49B8-BDB7-8F5F97573CF6}.Test|Any CPU.ActiveCfg = Release|Any CPU
		{C0D589CD-3BE4-49B8-BDB7-8F5F97573CF6}.Test|Any CPU.Build.0 = Release|Any CPU
		{C8BA54DB-966B-4629-A47F-9B6EEFF5A7CB}.Debug|Any CPU.ActiveCfg = Debug|Any CPU
		{C8BA54DB-966B-4629-A47F-9B6EEFF5A7CB}.Debug|Any CPU.Build.0 = Debug|Any CPU
		{C8BA54DB-966B-4629-A47F-9B6EEFF5A7CB}.Release|Any CPU.ActiveCfg = Release|Any CPU
		{C8BA54DB-966B-4629-A47F-9B6EEFF5A7CB}.Release|Any CPU.Build.0 = Release|Any CPU
		{C8BA54DB-966B-4629-A47F-9B6EEFF5A7CB}.Test|Any CPU.ActiveCfg = Release|Any CPU
		{C8BA54DB-966B-4629-A47F-9B6EEFF5A7CB}.Test|Any CPU.Build.0 = Release|Any CPU
	EndGlobalSection
	GlobalSection(SolutionProperties) = preSolution
		HideSolutionNode = FALSE
	EndGlobalSection
	GlobalSection(NestedProjects) = preSolution
		{070D1C57-EE86-4562-9541-6FAB49D83E46} = {5E4706E2-311C-481C-80E2-9CABA7DE5B3C}
		{7985FB3C-AF3D-4920-9BC9-78B7EFE41617} = {5E4706E2-311C-481C-80E2-9CABA7DE5B3C}
	EndGlobalSection
EndGlobal
